
Microsoft Visual Studio Solution File, Format Version 12.00
# Visual Studio Version 17
VisualStudioVersion = 17.7.34202.233
MinimumVisualStudioVersion = 10.0.40219.1
Project("{FAE04EC0-301F-11D3-BF4B-00C04F79EFBC}") = "Generics-EjercicioI01", "Generics-EjercicioI01\Generics-EjercicioI01.csproj", "{9260AF43-8E5A-454F-9FC4-03C72CE58CE6}"
EndProject
Global
	GlobalSection(SolutionConfigurationPlatforms) = preSolution
		Debug|Any CPU = Debug|Any CPU
		Release|Any CPU = Release|Any CPU
	EndGlobalSection
	GlobalSection(ProjectConfigurationPlatforms) = postSolution
		{9260AF43-8E5A-454F-9FC4-03C72CE58CE6}.Debug|Any CPU.ActiveCfg = Debug|Any CPU
		{9260AF43-8E5A-454F-9FC4-03C72CE58CE6}.Debug|Any CPU.Build.0 = Debug|Any CPU
		{9260AF43-8E5A-454F-9FC4-03C72CE58CE6}.Release|Any CPU.ActiveCfg = Release|Any CPU
		{9260AF43-8E5A-454F-9FC4-03C72CE58CE6}.Release|Any CPU.Build.0 = Release|Any CPU
	EndGlobalSection
	GlobalSection(SolutionProperties) = preSolution
		HideSolutionNode = FALSE
	EndGlobalSection
	GlobalSection(ExtensibilityGlobals) = postSolution
		SolutionGuid = {F345443C-2D75-4793-B956-995CFD0DD8EE}
	EndGlobalSection
EndGlobal
